
Microsoft Visual Studio Solution File, Format Version 12.00
# Visual Studio 2012
Project("{FAE04EC0-301F-11D3-BF4B-00C04F79EFBC}") = "E-Dairy Book Project", "E-Dairy Book Project\E-Dairy Book Project.csproj", "{92487470-330F-41B5-A62A-86A37E7D8BA8}"
EndProject
Global
	GlobalSection(SolutionConfigurationPlatforms) = preSolution
		Debug|Any CPU = Debug|Any CPU
		Release|Any CPU = Release|Any CPU
	EndGlobalSection
	GlobalSection(ProjectConfigurationPlatforms) = postSolution
		{92487470-330F-41B5-A62A-86A37E7D8BA8}.Debug|Any CPU.ActiveCfg = Debug|Any CPU
		{92487470-330F-41B5-A62A-86A37E7D8BA8}.Debug|Any CPU.Build.0 = Debug|Any CPU
		{92487470-330F-41B5-A62A-86A37E7D8BA8}.Release|Any CPU.ActiveCfg = Release|Any CPU
		{92487470-330F-41B5-A62A-86A37E7D8BA8}.Release|Any CPU.Build.0 = Release|Any CPU
	EndGlobalSection
	GlobalSection(SolutionProperties) = preSolution
		HideSolutionNode = FALSE
	EndGlobalSection
EndGlobal
